
Microsoft Visual Studio Solution File, Format Version 12.00
# Visual Studio Version 17
VisualStudioVersion = 17.3.32811.315
MinimumVisualStudioVersion = 10.0.40219.1
Project("{9A19103F-16F7-4668-BE54-9A1E7A4F7556}") = "TestAppDev.Module", "TestAppDev.Module\TestAppDev.Module.csproj", "{76805129-81F3-4D54-93FE-5FFC272DFB0D}"
EndProject
Project("{9A19103F-16F7-4668-BE54-9A1E7A4F7556}") = "TestAppDev.Win", "TestAppDev.Win\TestAppDev.Win.csproj", "{96901A7F-1C41-4325-BFB6-12396683E852}"
EndProject
Global
	GlobalSection(SolutionConfigurationPlatforms) = preSolution
		Debug|Any CPU = Debug|Any CPU
		EasyTest|Any CPU = EasyTest|Any CPU
		Release|Any CPU = Release|Any CPU
	EndGlobalSection
	GlobalSection(ProjectConfigurationPlatforms) = postSolution
		{76805129-81F3-4D54-93FE-5FFC272DFB0D}.Debug|Any CPU.ActiveCfg = Debug|Any CPU
		{76805129-81F3-4D54-93FE-5FFC272DFB0D}.Debug|Any CPU.Build.0 = Debug|Any CPU
		{76805129-81F3-4D54-93FE-5FFC272DFB0D}.EasyTest|Any CPU.ActiveCfg = EasyTest|Any CPU
		{76805129-81F3-4D54-93FE-5FFC272DFB0D}.EasyTest|Any CPU.Build.0 = EasyTest|Any CPU
		{76805129-81F3-4D54-93FE-5FFC272DFB0D}.Release|Any CPU.ActiveCfg = Release|Any CPU
		{76805129-81F3-4D54-93FE-5FFC272DFB0D}.Release|Any CPU.Build.0 = Release|Any CPU
		{96901A7F-1C41-4325-BFB6-12396683E852}.Debug|Any CPU.ActiveCfg = Debug|Any CPU
		{96901A7F-1C41-4325-BFB6-12396683E852}.Debug|Any CPU.Build.0 = Debug|Any CPU
		{96901A7F-1C41-4325-BFB6-12396683E852}.EasyTest|Any CPU.ActiveCfg = EasyTest|Any CPU
		{96901A7F-1C41-4325-BFB6-12396683E852}.EasyTest|Any CPU.Build.0 = EasyTest|Any CPU
		{96901A7F-1C41-4325-BFB6-12396683E852}.Release|Any CPU.ActiveCfg = Release|Any CPU
		{96901A7F-1C41-4325-BFB6-12396683E852}.Release|Any CPU.Build.0 = Release|Any CPU
	EndGlobalSection
	GlobalSection(SolutionProperties) = preSolution
		HideSolutionNode = FALSE
	EndGlobalSection
	GlobalSection(ExtensibilityGlobals) = postSolution
		SolutionGuid = {3FDBC3BE-C0E4-4B4B-97C7-B607CE4963E0}
	EndGlobalSection
EndGlobal
